// !$*UTF8*$!
{
	archiveVersion = 1;
	classes = {
	};
	objectVersion = 77;
	objects = {

/* Begin PBXBuildFile section */
		1C253F07307A132600C4CB52 /* WakTrainerDesignSystem in Frameworks */ = {isa = PBXBuildFile; productRef = 1C253F06307A132600C4CB52 /* WakTrainerDesignSystem */; };
/* End PBXBuildFile section */

/* Begin PBXContainerItemProxy section */
		1C253EE9307A123A00C4CB52 /* PBXContainerItemProxy */ = {
			isa = PBXContainerItemProxy;
			containerPortal = 1C253ED3307A123600C4CB52 /* Project object */;
			proxyType = 1;
			remoteGlobalIDString = 1C253EDA307A123600C4CB52;
			remoteInfo = WakTrainerDesignSystemDemo;
		};
		1C253EF3307A123A00C4CB52 /* PBXContainerItemProxy */ = {
			isa = PBXContainerItemProxy;
			containerPortal = 1C253ED3307A123600C4CB52 /* Project object */;
			proxyType = 1;
			remoteGlobalIDString = 1C253EDA307A123600C4CB52;
			remoteInfo = WakTrainerDesignSystemDemo;
		};
/* End PBXContainerItemProxy section */

/* Begin PBXFileReference section */
		1C253EDB307A123600C4CB52 /* WakTrainerDesignSystemDemo.app */ = {isa = PBXFileReference; explicitFileType = wrapper.application; includeInIndex = 0; path = WakTrainerDesignSystemDemo.app; sourceTree = BUILT_PRODUCTS_DIR; };
		1C253EE8307A123A00C4CB52 /* WakTrainerDesignSystemDemoTests.xctest */ = {isa = PBXFileReference; explicitFileType = wrapper.cfbundle; includeInIndex = 0; path = WakTrainerDesignSystemDemoTests.xctest; sourceTree = BUILT_PRODUCTS_DIR; };
		1C253EF2307A123A00C4CB52 /* WakTrainerDesignSystemDemoUITests.xctest */ = {isa = PBXFileReference; explicitFileType = wrapper.cfbundle; includeInIndex = 0; path = WakTrainerDesignSystemDemoUITests.xctest; sourceTree = BUILT_PRODUCTS_DIR; };
/* End PBXFileReference section */

/* Begin PBXFileSystemSynchronizedRootGroup section */
		1C253EDD307A123600C4CB52 /* WakTrainerDesignSystemDemo */ = {
			isa = PBXFileSystemSynchronizedRootGroup;
			path = WakTrainerDesignSystemDemo;
			sourceTree = "<group>";
		};
		1C253EEB307A123A00C4CB52 /* WakTrainerDesignSystemDemoTests */ = {
			isa = PBXFileSystemSynchronizedRootGroup;
			path = WakTrainerDesignSystemDemoTests;
			sourceTree = "<group>";
		};
		1C253EF5307A123A00C4CB52 /* WakTrainerDesignSystemDemoUITests */ = {
			isa = PBXFileSystemSynchronizedRootGroup;
			path = WakTrainerDesignSystemDemoUITests;
			sourceTree = "<group>";
		};
/* End PBXFileSystemSynchronizedRootGroup section */

/* Begin PBXFrameworksBuildPhase section */
		1C253ED8307A123600C4CB52 /* Frameworks */ = {
			isa = PBXFrameworksBuildPhase;
			buildActionMask = 2147483647;
			files = (
				1C253F07307A132600C4CB52 /* WakTrainerDesignSystem in Frameworks */,
			);
			runOnlyForDeploymentPostprocessing = 0;
		};
		1C253EE5307A123A00C4CB52 /* Frameworks */ = {
			isa = PBXFrameworksBuildPhase;
			buildActionMask = 2147483647;
			files = (
			);
			runOnlyForDeploymentPostprocessing = 0;
		};
		1C253EEF307A123A00C4CB52 /* Frameworks */ = {
			isa = PBXFrameworksBuildPhase;
			buildActionMask = 2147483647;
			files = (
			);
			runOnlyForDeploymentPostprocessing = 0;
		};
/* End PBXFrameworksBuildPhase section */

/* Begin PBXGroup section */
		1C253ED2307A123600C4CB52 = {
			isa = PBXGroup;
			children = (
				1C253EDD307A123600C4CB52 /* WakTrainerDesignSystemDemo */,
				1C253EEB307A123A00C4CB52 /* WakTrainerDesignSystemDemoTests */,
				1C253EF5307A123A00C4CB52 /* WakTrainerDesignSystemDemoUITests */,
				1C253EDC307A123600C4CB52 /* Products */,
			);
			sourceTree = "<group>";
		};
		1C253EDC307A123600C4CB52 /* Products */ = {
			isa = PBXGroup;
			children = (
				1C253EDB307A123600C4CB52 /* WakTrainerDesignSystemDemo.app */,
				1C253EE8307A123A00C4CB52 /* WakTrainerDesignSystemDemoTests.xctest */,
				1C253EF2307A123A00C4CB52 /* WakTrainerDesignSystemDemoUITests.xctest */,
			);
			name = Products;
			sourceTree = "<group>";
		};
/* End PBXGroup section */

/* Begin PBXNativeTarget section */
		1C253EDA307A123600C4CB52 /* WakTrainerDesignSystemDemo */ = {
			isa = PBXNativeTarget;
			buildConfigurationList = 1C253EFC307A123A00C4CB52 /* Build configuration list for PBXNativeTarget "WakTrainerDesignSystemDemo" */;
			buildPhases = (
				1C253ED7307A123600C4CB52 /* Sources */,
				1C253ED8307A123600C4CB52 /* Frameworks */,
				1C253ED9307A123600C4CB52 /* Resources */,
			);
			buildRules = (
			);
			dependencies = (
			);
			fileSystemSynchronizedGroups = (
				1C253EDD307A123600C4CB52 /* WakTrainerDesignSystemDemo */,
			);
			name = WakTrainerDesignSystemDemo;
			packageProductDependencies = (
				1C253F06307A132600C4CB52 /* WakTrainerDesignSystem */,
			);
			productName = WakTrainerDesignSystemDemo;
			productReference = 1C253EDB307A123600C4CB52 /* WakTrainerDesignSystemDemo.app */;
			productType = "com.apple.product-type.application";
		};
		1C253EE7307A123A00C4CB52 /* WakTrainerDesignSystemDemoTests */ = {
			isa = PBXNativeTarget;
			buildConfigurationList = 1C253EFF307A123A00C4CB52 /* Build configuration list for PBXNativeTarget "WakTrainerDesignSystemDemoTests" */;
			buildPhases = (
				1C253EE4307A123A00C4CB52 /* Sources */,
				1C253EE5307A123A00C4CB52 /* Frameworks */,
				1C253EE6307A123A00C4CB52 /* Resources */,
			);
			buildRules = (
			);
			dependencies = (
				1C253EEA307A123A00C4CB52 /* PBXTargetDependency */,
			);
			fileSystemSynchronizedGroups = (
				1C253EEB307A123A00C4CB52 /* WakTrainerDesignSystemDemoTests */,
			);
			name = WakTrainerDesignSystemDemoTests;
			packageProductDependencies = (
			);
			productName = WakTrainerDesignSystemDemoTests;
			productReference = 1C253EE8307A123A00C4CB52 /* WakTrainerDesignSystemDemoTests.xctest */;
			productType = "com.apple.product-type.bundle.unit-test";
		};
		1C253EF1307A123A00C4CB52 /* WakTrainerDesignSystemDemoUITests */ = {
			isa = PBXNativeTarget;
			buildConfigurationList = 1C253F02307A123A00C4CB52 /* Build configuration list for PBXNativeTarget "WakTrainerDesignSystemDemoUITests" */;
			buildPhases = (
				1C253EEE307A123A00C4CB52 /* Sources */,
				1C253EEF307A123A00C4CB52 /* Frameworks */,
				1C253EF0307A123A00C4CB52 /* Resources */,
			);
			buildRules = (
			);
			dependencies = (
				1C253EF4307A123A00C4CB52 /* PBXTargetDependency */,
			);
			fileSystemSynchronizedGroups = (
				1C253EF5307A123A00C4CB52 /* WakTrainerDesignSystemDemoUITests */,
			);
			name = WakTrainerDesignSystemDemoUITests;
			packageProductDependencies = (
			);
			productName = WakTrainerDesignSystemDemoUITests;
			productReference = 1C253EF2307A123A00C4CB52 /* WakTrainerDesignSystemDemoUITests.xctest */;
			productType = "com.apple.product-type.bundle.ui-testing";
		};
/* End PBXNativeTarget section */

/* Begin PBXProject section */
		1C253ED3307A123600C4CB52 /* Project object */ = {
			isa = PBXProject;
			attributes = {
				BuildIndependentTargetsInParallel = 1;
				LastSwiftUpdateCheck = 2650;
				LastUpgradeCheck = 2650;
				TargetAttributes = {
					1C253EDA307A123600C4CB52 = {
						CreatedOnToolsVersion = 26.5;
					};
					1C253EE7307A123A00C4CB52 = {
						CreatedOnToolsVersion = 26.5;
						TestTargetID = 1C253EDA307A123600C4CB52;
					};
					1C253EF1307A123A00C4CB52 = {
						CreatedOnToolsVersion = 26.5;
						TestTargetID = 1C253EDA307A123600C4CB52;
					};
				};
			};
			buildConfigurationList = 1C253ED6307A123600C4CB52 /* Build configuration list for PBXProject "WakTrainerDesignSystemDemo" */;
			developmentRegion = en;
			hasScannedForEncodings = 0;
			knownRegions = (
				en,
				Base,
			);
			mainGroup = 1C253ED2307A123600C4CB52;
			minimizedProjectReferenceProxies = 1;
			packageReferences = (
				1C253F05307A132600C4CB52 /* XCLocalSwiftPackageReference "../../../WakTrainerDesignSystem" */,
			);
			preferredProjectObjectVersion = 77;
			productRefGroup = 1C253EDC307A123600C4CB52 /* Products */;
			projectDirPath = "";
			projectRoot = "";
			targets = (
				1C253EDA307A123600C4CB52 /* WakTrainerDesignSystemDemo */,
				1C253EE7307A123A00C4CB52 /* WakTrainerDesignSystemDemoTests */,
				1C253EF1307A123A00C4CB52 /* WakTrainerDesignSystemDemoUITests */,
			);
		};
/* End PBXProject section */

/* Begin PBXResourcesBuildPhase section */
		1C253ED9307A123600C4CB52 /* Resources */ = {
			isa = PBXResourcesBuildPhase;
			buildActionMask = 2147483647;
			files = (
			);
			runOnlyForDeploymentPostprocessing = 0;
		};
		1C253EE6307A123A00C4CB52 /* Resources */ = {
			isa = PBXResourcesBuildPhase;
			buildActionMask = 2147483647;
			files = (
			);
			runOnlyForDeploymentPostprocessing = 0;
		};
		1C253EF0307A123A00C4CB52 /* Resources */ = {
			isa = PBXResourcesBuildPhase;
			buildActionMask = 2147483647;
			files = (
			);
			runOnlyForDeploymentPostprocessing = 0;
		};
/* End PBXResourcesBuildPhase section */

/* Begin PBXSourcesBuildPhase section */
		1C253ED7307A123600C4CB52 /* Sources */ = {
			isa = PBXSourcesBuildPhase;
			buildActionMask = 2147483647;
			files = (
			);
			runOnlyForDeploymentPostprocessing = 0;
		};
		1C253EE4307A123A00C4CB52 /* Sources */ = {
			isa = PBXSourcesBuildPhase;
			buildActionMask = 2147483647;
			files = (
			);
			runOnlyForDeploymentPostprocessing = 0;
		};
		1C253EEE307A123A00C4CB52 /* Sources */ = {
			isa = PBXSourcesBuildPhase;
			buildActionMask = 2147483647;
			files = (
			);
			runOnlyForDeploymentPostprocessing = 0;
		};
/* End PBXSourcesBuildPhase section */

/* Begin PBXTargetDependency section */
		1C253EEA307A123A00C4CB52 /* PBXTargetDependency */ = {
			isa = PBXTargetDependency;
			target = 1C253EDA307A123600C4CB52 /* WakTrainerDesignSystemDemo */;
			targetProxy = 1C253EE9307A123A00C4CB52 /* PBXContainerItemProxy */;
		};
		1C253EF4307A123A00C4CB52 /* PBXTargetDependency */ = {
			isa = PBXTargetDependency;
			target = 1C253EDA307A123600C4CB52 /* WakTrainerDesignSystemDemo */;
			targetProxy = 1C253EF3307A123A00C4CB52 /* PBXContainerItemProxy */;
		};
/* End PBXTargetDependency section */

/* Begin XCBuildConfiguration section */
		1C253EFA307A123A00C4CB52 /* Debug */ = {
			isa = XCBuildConfiguration;
			buildSettings = {
				ALWAYS_SEARCH_USER_PATHS = NO;
				ASSETCATALOG_COMPILER_GENERATE_SWIFT_ASSET_SYMBOL_EXTENSIONS = YES;
				CLANG_ANALYZER_NONNULL = YES;
				CLANG_ANALYZER_NUMBER_OBJECT_CONVERSION = YES_AGGRESSIVE;
				CLANG_CXX_LANGUAGE_STANDARD = "gnu++20";
				CLANG_ENABLE_MODULES = YES;
				CLANG_ENABLE_OBJC_ARC = YES;
				CLANG_ENABLE_OBJC_WEAK = YES;
				CLANG_WARN_BLOCK_CAPTURE_AUTORELEASING = YES;
				CLANG_WARN_BOOL_CONVERSION = YES;
				CLANG_WARN_COMMA = YES;
				CLANG_WARN_CONSTANT_CONVERSION = YES;
				CLANG_WARN_DEPRECATED_OBJC_IMPLEMENTATIONS = YES;
				CLANG_WARN_DIRECT_OBJC_ISA_USAGE = YES_ERROR;
				CLANG_WARN_DOCUMENTATION_COMMENTS = YES;
				CLANG_WARN_EMPTY_BODY = YES;
				CLANG_WARN_ENUM_CONVERSION = YES;
				CLANG_WARN_INFINITE_RECURSION = YES;
				CLANG_WARN_INT_CONVERSION = YES;
				CLANG_WARN_NON_LITERAL_NULL_CONVERSION = YES;
				CLANG_WARN_OBJC_IMPLICIT_RETAIN_SELF = YES;
				CLANG_WARN_OBJC_LITERAL_CONVERSION = YES;
				CLANG_WARN_OBJC_ROOT_CLASS = YES_ERROR;
				CLANG_WARN_QUOTED_INCLUDE_IN_FRAMEWORK_HEADER = YES;
				CLANG_WARN_RANGE_LOOP_ANALYSIS = YES;
				CLANG_WARN_STRICT_PROTOTYPES = YES;
				CLANG_WARN_SUSPICIOUS_MOVE = YES;
				CLANG_WARN_UNGUARDED_AVAILABILITY = YES_AGGRESSIVE;
				CLANG_WARN_UNREACHABLE_CODE = YES;
				CLANG_WARN__DUPLICATE_METHOD_MATCH = YES;
				COPY_PHASE_STRIP = NO;
				DEBUG_INFORMATION_FORMAT = dwarf;
				DEVELOPMENT_TEAM = NXY923MCN7;
				ENABLE_STRICT_OBJC_MSGSEND = YES;
				ENABLE_TESTABILITY = YES;
				ENABLE_USER_SCRIPT_SANDBOXING = YES;
				GCC_C_LANGUAGE_STANDARD = gnu17;
				GCC_DYNAMIC_NO_PIC = NO;
				GCC_NO_COMMON_BLOCKS = YES;
				GCC_OPTIMIZATION_LEVEL = 0;
				GCC_PREPROCESSOR_DEFINITIONS = (
					"DEBUG=1",
					"$(inherited)",
				);
				GCC_WARN_64_TO_32_BIT_CONVERSION = YES;
				GCC_WARN_ABOUT_RETURN_TYPE = YES_ERROR;
				GCC_WARN_UNDECLARED_SELECTOR = YES;
				GCC_WARN_UNINITIALIZED_AUTOS = YES_AGGRESSIVE;
				GCC_WARN_UNUSED_FUNCTION = YES;
				GCC_WARN_UNUSED_VARIABLE = YES;
				IPHONEOS_DEPLOYMENT_TARGET = 26.5;
				LOCALIZATION_PREFERS_STRING_CATALOGS = YES;
				MTL_ENABLE_DEBUG_INFO = INCLUDE_SOURCE;
				MTL_FAST_MATH = YES;
				ONLY_ACTIVE_ARCH = YES;
				SDKROOT = iphoneos;
				SWIFT_ACTIVE_COMPILATION_CONDITIONS = "DEBUG $(inherited)";
				SWIFT_OPTIMIZATION_LEVEL = "-Onone";
			};
			name = Debug;
		};
		1C253EFB307A123A00C4CB52 /* Release */ = {
			isa = XCBuildConfiguration;
			buildSettings = {
				ALWAYS_SEARCH_USER_PATHS = NO;
				ASSETCATALOG_COMPILER_GENERATE_SWIFT_ASSET_SYMBOL_EXTENSIONS = YES;
				CLANG_ANALYZER_NONNULL = YES;
				CLANG_ANALYZER_NUMBER_OBJECT_CONVERSION = YES_AGGRESSIVE;
				CLANG_CXX_LANGUAGE_STANDARD = "gnu++20";
				CLANG_ENABLE_MODULES = YES;
				CLANG_ENABLE_OBJC_ARC = YES;
				CLANG_ENABLE_OBJC_WEAK = YES;
				CLANG_WARN_BLOCK_CAPTURE_AUTORELEASING = YES;
				CLANG_WARN_BOOL_CONVERSION = YES;
				CLANG_WARN_COMMA = YES;
				CLANG_WARN_CONSTANT_CONVERSION = YES;
				CLANG_WARN_DEPRECATED_OBJC_IMPLEMENTATIONS = YES;
				CLANG_WARN_DIRECT_OBJC_ISA_USAGE = YES_ERROR;
				CLANG_WARN_DOCUMENTATION_COMMENTS = YES;
				CLANG_WARN_EMPTY_BODY = YES;
				CLANG_WARN_ENUM_CONVERSION = YES;
				CLANG_WARN_INFINITE_RECURSION = YES;
				CLANG_WARN_INT_CONVERSION = YES;
				CLANG_WARN_NON_LITERAL_NULL_CONVERSION = YES;
				CLANG_WARN_OBJC_IMPLICIT_RETAIN_SELF = YES;
				CLANG_WARN_OBJC_LITERAL_CONVERSION = YES;
				CLANG_WARN_OBJC_ROOT_CLASS = YES_ERROR;
				CLANG_WARN_QUOTED_INCLUDE_IN_FRAMEWORK_HEADER = YES;
				CLANG_WARN_RANGE_LOOP_ANALYSIS = YES;
				CLANG_WARN_STRICT_PROTOTYPES = YES;
				CLANG_WARN_SUSPICIOUS_MOVE = YES;
				CLANG_WARN_UNGUARDED_AVAILABILITY = YES_AGGRESSIVE;
				CLANG_WARN_UNREACHABLE_CODE = YES;
				CLANG_WARN__DUPLICATE_METHOD_MATCH = YES;
				COPY_PHASE_STRIP = NO;
				DEBUG_INFORMATION_FORMAT = "dwarf-with-dsym";
				DEVELOPMENT_TEAM = NXY923MCN7;
				ENABLE_NS_ASSERTIONS = NO;
				ENABLE_STRICT_OBJC_MSGSEND = YES;
				ENABLE_USER_SCRIPT_SANDBOXING = YES;
				GCC_C_LANGUAGE_STANDARD = gnu17;
				GCC_NO_COMMON_BLOCKS = YES;
				GCC_WARN_64_TO_32_BIT_CONVERSION = YES;
				GCC_WARN_ABOUT_RETURN_TYPE = YES_ERROR;
				GCC_WARN_UNDECLARED_SELECTOR = YES;
				GCC_WARN_UNINITIALIZED_AUTOS = YES_AGGRESSIVE;
				GCC_WARN_UNUSED_FUNCTION = YES;
				GCC_WARN_UNUSED_VARIABLE = YES;
				IPHONEOS_DEPLOYMENT_TARGET = 26.5;
				LOCALIZATION_PREFERS_STRING_CATALOGS = YES;
				MTL_ENABLE_DEBUG_INFO = NO;
				MTL_FAST_MATH = YES;
				SDKROOT = iphoneos;
				SWIFT_COMPILATION_MODE = wholemodule;
				VALIDATE_PRODUCT = YES;
			};
			name = Release;
		};
		1C253EFD307A123A00C4CB52 /* Debug */ = {
			isa = XCBuildConfiguration;
			buildSettings = {
				ASSETCATALOG_COMPILER_APPICON_NAME = AppIcon;
				ASSETCATALOG_COMPILER_GLOBAL_ACCENT_COLOR_NAME = AccentColor;
				CODE_SIGN_STYLE = Automatic;
				CURRENT_PROJECT_VERSION = 1;
				DEVELOPMENT_TEAM = NXY923MCN7;
				ENABLE_PREVIEWS = YES;
				GENERATE_INFOPLIST_FILE = YES;
				INFOPLIST_KEY_UIApplicationSceneManifest_Generation = YES;
				INFOPLIST_KEY_UIApplicationSupportsIndirectInputEvents = YES;
				INFOPLIST_KEY_UILaunchScreen_Generation = YES;
				INFOPLIST_KEY_UISupportedInterfaceOrientations_iPad = "UIInterfaceOrientationPortrait UIInterfaceOrientationPortraitUpsideDown UIInterfaceOrientationLandscapeLeft UIInterfaceOrientationLandscapeRight";
				INFOPLIST_KEY_UISupportedInterfaceOrientations_iPhone = "UIInterfaceOrientationPortrait UIInterfaceOrientationLandscapeLeft UIInterfaceOrientationLandscapeRight";
				LD_RUNPATH_SEARCH_PATHS = (
					"$(inherited)",
					"@executable_path/Frameworks",
				);
				MARKETING_VERSION = 1.0;
				PRODUCT_BUNDLE_IDENTIFIER = com.tris.WakTrainerDesignSystemDemo;
				PRODUCT_NAME = "$(TARGET_NAME)";
				STRING_CATALOG_GENERATE_SYMBOLS = YES;
				SWIFT_APPROACHABLE_CONCURRENCY = YES;
				SWIFT_DEFAULT_ACTOR_ISOLATION = MainActor;
				SWIFT_EMIT_LOC_STRINGS = YES;
				SWIFT_UPCOMING_FEATURE_MEMBER_IMPORT_VISIBILITY = YES;
				SWIFT_VERSION = 5.0;
				TARGETED_DEVICE_FAMILY = "1,2";
			};
			name = Debug;
		};
		1C253EFE307A123A00C4CB52 /* Release */ = {
			isa = XCBuildConfiguration;
			buildSettings = {
				ASSETCATALOG_COMPILER_APPICON_NAME = AppIcon;
				ASSETCATALOG_COMPILER_GLOBAL_ACCENT_COLOR_NAME = AccentColor;
				CODE_SIGN_STYLE = Automatic;
				CURRENT_PROJECT_VERSION = 1;
				DEVELOPMENT_TEAM = NXY923MCN7;
				ENABLE_PREVIEWS = YES;
				GENERATE_INFOPLIST_FILE = YES;
				INFOPLIST_KEY_UIApplicationSceneManifest_Generation = YES;
				INFOPLIST_KEY_UIApplicationSupportsIndirectInputEvents = YES;
				INFOPLIST_KEY_UILaunchScreen_Generation = YES;
				INFOPLIST_KEY_UISupportedInterfaceOrientations_iPad = "UIInterfaceOrientationPortrait UIInterfaceOrientationPortraitUpsideDown UIInterfaceOrientationLandscapeLeft UIInterfaceOrientationLandscapeRight";
				INFOPLIST_KEY_UISupportedInterfaceOrientations_iPhone = "UIInterfaceOrientationPortrait UIInterfaceOrientationLandscapeLeft UIInterfaceOrientationLandscapeRight";
				LD_RUNPATH_SEARCH_PATHS = (
					"$(inherited)",
					"@executable_path/Frameworks",
				);
				MARKETING_VERSION = 1.0;
				PRODUCT_BUNDLE_IDENTIFIER = com.tris.WakTrainerDesignSystemDemo;
				PRODUCT_NAME = "$(TARGET_NAME)";
				STRING_CATALOG_GENERATE_SYMBOLS = YES;
				SWIFT_APPROACHABLE_CONCURRENCY = YES;
				SWIFT_DEFAULT_ACTOR_ISOLATION = MainActor;
				SWIFT_EMIT_LOC_STRINGS = YES;
				SWIFT_UPCOMING_FEATURE_MEMBER_IMPORT_VISIBILITY = YES;
				SWIFT_VERSION = 5.0;
				TARGETED_DEVICE_FAMILY = "1,2";
			};
			name = Release;
		};
		1C253F00307A123A00C4CB52 /* Debug */ = {
			isa = XCBuildConfiguration;
			buildSettings = {
				BUNDLE_LOADER = "$(TEST_HOST)";
				CODE_SIGN_STYLE = Automatic;
				CURRENT_PROJECT_VERSION = 1;
				DEVELOPMENT_TEAM = NXY923MCN7;
				GENERATE_INFOPLIST_FILE = YES;
				IPHONEOS_DEPLOYMENT_TARGET = 26.5;
				MARKETING_VERSION = 1.0;
				PRODUCT_BUNDLE_IDENTIFIER = com.tris.WakTrainerDesignSystemDemoTests;
				PRODUCT_NAME = "$(TARGET_NAME)";
				STRING_CATALOG_GENERATE_SYMBOLS = NO;
				SWIFT_APPROACHABLE_CONCURRENCY = YES;
				SWIFT_EMIT_LOC_STRINGS = NO;
				SWIFT_UPCOMING_FEATURE_MEMBER_IMPORT_VISIBILITY = YES;
				SWIFT_VERSION = 5.0;
				TARGETED_DEVICE_FAMILY = "1,2";
				TEST_HOST = "$(BUILT_PRODUCTS_DIR)/WakTrainerDesignSystemDemo.app/$(BUNDLE_EXECUTABLE_FOLDER_PATH)/WakTrainerDesignSystemDemo";
			};
			name = Debug;
		};
		1C253F01307A123A00C4CB52 /* Release */ = {
			isa = XCBuildConfiguration;
			buildSettings = {
				BUNDLE_LOADER = "$(TEST_HOST)";
				CODE_SIGN_STYLE = Automatic;
				CURRENT_PROJECT_VERSION = 1;
				DEVELOPMENT_TEAM = NXY923MCN7;
				GENERATE_INFOPLIST_FILE = YES;
				IPHONEOS_DEPLOYMENT_TARGET = 26.5;
				MARKETING_VERSION = 1.0;
				PRODUCT_BUNDLE_IDENTIFIER = com.tris.WakTrainerDesignSystemDemoTests;
				PRODUCT_NAME = "$(TARGET_NAME)";
				STRING_CATALOG_GENERATE_SYMBOLS = NO;
				SWIFT_APPROACHABLE_CONCURRENCY = YES;
				SWIFT_EMIT_LOC_STRINGS = NO;
				SWIFT_UPCOMING_FEATURE_MEMBER_IMPORT_VISIBILITY = YES;
				SWIFT_VERSION = 5.0;
				TARGETED_DEVICE_FAMILY = "1,2";
				TEST_HOST = "$(BUILT_PRODUCTS_DIR)/WakTrainerDesignSystemDemo.app/$(BUNDLE_EXECUTABLE_FOLDER_PATH)/WakTrainerDesignSystemDemo";
			};
			name = Release;
		};
		1C253F03307A123A00C4CB52 /* Debug */ = {
			isa = XCBuildConfiguration;
			buildSettings = {
				CODE_SIGN_STYLE = Automatic;
				CURRENT_PROJECT_VERSION = 1;
				DEVELOPMENT_TEAM = NXY923MCN7;
				GENERATE_INFOPLIST_FILE = YES;
				MARKETING_VERSION = 1.0;
				PRODUCT_BUNDLE_IDENTIFIER = com.tris.WakTrainerDesignSystemDemoUITests;
				PRODUCT_NAME = "$(TARGET_NAME)";
				STRING_CATALOG_GENERATE_SYMBOLS = NO;
				SWIFT_APPROACHABLE_CONCURRENCY = YES;
				SWIFT_EMIT_LOC_STRINGS = NO;
				SWIFT_UPCOMING_FEATURE_MEMBER_IMPORT_VISIBILITY = YES;
				SWIFT_VERSION = 5.0;
				TARGETED_DEVICE_FAMILY = "1,2";
				TEST_TARGET_NAME = WakTrainerDesignSystemDemo;
			};
			name = Debug;
		};
		1C253F04307A123A00C4CB52 /* Release */ = {
			isa = XCBuildConfiguration;
			buildSettings = {
				CODE_SIGN_STYLE = Automatic;
				CURRENT_PROJECT_VERSION = 1;
				DEVELOPMENT_TEAM = NXY923MCN7;
				GENERATE_INFOPLIST_FILE = YES;
				MARKETING_VERSION = 1.0;
				PRODUCT_BUNDLE_IDENTIFIER = com.tris.WakTrainerDesignSystemDemoUITests;
				PRODUCT_NAME = "$(TARGET_NAME)";
				STRING_CATALOG_GENERATE_SYMBOLS = NO;
				SWIFT_APPROACHABLE_CONCURRENCY = YES;
				SWIFT_EMIT_LOC_STRINGS = NO;
				SWIFT_UPCOMING_FEATURE_MEMBER_IMPORT_VISIBILITY = YES;
				SWIFT_VERSION = 5.0;
				TARGETED_DEVICE_FAMILY = "1,2";
				TEST_TARGET_NAME = WakTrainerDesignSystemDemo;
			};
			name = Release;
		};
/* End XCBuildConfiguration section */

/* Begin XCConfigurationList section */
		1C253ED6307A123600C4CB52 /* Build configuration list for PBXProject "WakTrainerDesignSystemDemo" */ = {
			isa = XCConfigurationList;
			buildConfigurations = (
				1C253EFA307A123A00C4CB52 /* Debug */,
				1C253EFB307A123A00C4CB52 /* Release */,
			);
			defaultConfigurationIsVisible = 0;
			defaultConfigurationName = Release;
		};
		1C253EFC307A123A00C4CB52 /* Build configuration list for PBXNativeTarget "WakTrainerDesignSystemDemo" */ = {
			isa = XCConfigurationList;
			buildConfigurations = (
				1C253EFD307A123A00C4CB52 /* Debug */,
				1C253EFE307A123A00C4CB52 /* Release */,
			);
			defaultConfigurationIsVisible = 0;
			defaultConfigurationName = Release;
		};
		1C253EFF307A123A00C4CB52 /* Build configuration list for PBXNativeTarget "WakTrainerDesignSystemDemoTests" */ = {
			isa = XCConfigurationList;
			buildConfigurations = (
				1C253F00307A123A00C4CB52 /* Debug */,
				1C253F01307A123A00C4CB52 /* Release */,
			);
			defaultConfigurationIsVisible = 0;
			defaultConfigurationName = Release;
		};
		1C253F02307A123A00C4CB52 /* Build configuration list for PBXNativeTarget "WakTrainerDesignSystemDemoUITests" */ = {
			isa = XCConfigurationList;
			buildConfigurations = (
				1C253F03307A123A00C4CB52 /* Debug */,
				1C253F04307A123A00C4CB52 /* Release */,
			);
			defaultConfigurationIsVisible = 0;
			defaultConfigurationName = Release;
		};
/* End XCConfigurationList section */

/* Begin XCLocalSwiftPackageReference section */
		1C253F05307A132600C4CB52 /* XCLocalSwiftPackageReference "../../../WakTrainerDesignSystem" */ = {
			isa = XCLocalSwiftPackageReference;
			relativePath = ../../../WakTrainerDesignSystem;
		};
/* End XCLocalSwiftPackageReference section */

/* Begin XCSwiftPackageProductDependency section */
		1C253F06307A132600C4CB52 /* WakTrainerDesignSystem */ = {
			isa = XCSwiftPackageProductDependency;
			productName = WakTrainerDesignSystem;
		};
/* End XCSwiftPackageProductDependency section */
	};
	rootObject = 1C253ED3307A123600C4CB52 /* Project object */;
}
